PODS:
  - BlocksKit (2.2.5):
    - BlocksKit/All (= 2.2.5)
  - BlocksKit/All (2.2.5):
    - BlocksKit/Core
    - BlocksKit/DynamicDelegate
    - BlocksKit/MessageUI
    - BlocksKit/UIKit
  - BlocksKit/Core (2.2.5)
  - BlocksKit/DynamicDelegate (2.2.5)
  - BlocksKit/MessageUI (2.2.5):
    - BlocksKit/Core
    - BlocksKit/DynamicDelegate
  - BlocksKit/UIKit (2.2.5):
    - BlocksKit/Core
    - BlocksKit/DynamicDelegate
  - Masonry (1.0.2)
  - ReactiveCocoa (2.5):
    - ReactiveCocoa/UI (= 2.5)
  - ReactiveCocoa/Core (2.5):
    - ReactiveCocoa/no-arc
  - ReactiveCocoa/no-arc (2.5)
  - ReactiveCocoa/UI (2.5):
    - ReactiveCocoa/Core
  - TZImagePickerController (1.7.8)
  - WZLBadge (1.2.5)

DEPENDENCIES:
  - BlocksKit
  - Masonry
  - ReactiveCocoa
  - TZImagePickerController
  - WZLBadge (~> 1.2.5)

SPEC CHECKSUMS:
  BlocksKit: 7f422b971407001178d181a43b99014ea2591fe6
  Masonry: 7c429b56da9d4ee0bbb3ed77a5ea710d6a5df39e
  ReactiveCocoa: e2db045570aa97c695e7aa97c2bcab222ae51f4a
  TZImagePickerController: 87a138ae5d585225aaa6c8abe2cface0f0ad19dd
  WZLBadge: 16c08aa0a645e2591690f21cbcb410a3d878c7ac

PODFILE CHECKSUM: 570ea19998a854c7e25ed92486982cff5f75221c

COCOAPODS: 1.0.1
